github.com/biter777/countries v1.6.4 h1:Ss0Uqd7gnMBhjrqz9dMlMXT4fjVufIg526uGJY7B5/0=
github.com/biter777/countries v1.6.4/go.mod h1:1HSpZ526mYqKJcpT5Ti1kcGQ0L0SrXWIaptUWjFfv2E=
github.com/emvi/iso-639-1 v1.1.0 h1:EhZiYVA+ysa/b7+0T2DD9hcX7E/5sh4o1KyDAIPu7VE=
github.com/emvi/iso-639-1 v1.1.0/go.mod h1:CSA53/Tx0xF9bk2DEA0Mr0wTdIxq7pqoVZgBOfoL5GI=
github.com/jwdev42/logger v0.2.1 h1:OvzPYsHqh/CBsbtsfrnVh+8f9ABdFLm7cRaWB2xFe+Q=
github.com/jwdev42/logger v0.2.1/go.mod h1:EIu0oxc2tArYy4+/FhSEmqBVOKByji/Ri1aB3yAXEGA=
github.com/jwdev42/rottensoup v0.2.2 h1:acJAZVsGpVpMn0zKNw5LZX6+75zZOwIesgU8sLcux8U=
github.com/jwdev42/rottensoup v0.2.2/go.mod h1:7gNNVhH9G8n3R0Vvs5Vlfq7YwVopH7ltTDwMtGIdyoc=
golang.org/x/net v0.10.0 h1:X2//UzNDwYmtCLn7To6G58Wr6f5ahEAQgKNzv9Y951M=
golang.org/x/net v0.10.0/go.mod h1:0qNGK6F8kojg2nk9dLZ2mShWaEBan6FAoqfSigmmuDg=
